
Microsoft Visual Studio Solution File, Format Version 12.00
# Visual Studio 14
VisualStudioVersion = 14.0.24720.0
MinimumVisualStudioVersion = 10.0.40219.1
Project("{2150E333-8FDC-42A3-9474-1A3956D46DE8}") = "src", "src", "{587560B8-54D7-448F-BD6C-E784E31908C4}"
EndProject
Project("{2150E333-8FDC-42A3-9474-1A3956D46DE8}") = "Solution Items", "Solution Items", "{4D73B7A7-4756-4D58-84D2-E8661366F8EF}"
	ProjectSection(SolutionItems) = preProject
		global.json = global.json
	EndProjectSection
EndProject
Project("{8BB2217D-0F2D-49D1-97BC-3654ED321F3B}") = "KoLappen", "src\KoLappen\KoLappen.xproj", "{E9020BCE-B880-42E4-B2E0-3D951BF67008}"
EndProject
Global
	GlobalSection(SolutionConfigurationPlatforms) = preSolution
		Debug|Any CPU = Debug|Any CPU
		Release|Any CPU = Release|Any CPU
	EndGlobalSection
	GlobalSection(ProjectConfigurationPlatforms) = postSolution
		{E9020BCE-B880-42E4-B2E0-3D951BF67008}.Debug|Any CPU.ActiveCfg = Debug|Any CPU
		{E9020BCE-B880-42E4-B2E0-3D951BF67008}.Debug|Any CPU.Build.0 = Debug|Any CPU
		{E9020BCE-B880-42E4-B2E0-3D951BF67008}.Release|Any CPU.ActiveCfg = Release|Any CPU
		{E9020BCE-B880-42E4-B2E0-3D951BF67008}.Release|Any CPU.Build.0 = Release|Any CPU
	EndGlobalSection
	GlobalSection(SolutionProperties) = preSolution
		HideSolutionNode = FALSE
	EndGlobalSection
	GlobalSection(NestedProjects) = preSolution
		{E9020BCE-B880-42E4-B2E0-3D951BF67008} = {587560B8-54D7-448F-BD6C-E784E31908C4}
	EndGlobalSection
EndGlobal
